
Microsoft Visual Studio Solution File, Format Version 12.00
# Visual Studio 15
VisualStudioVersion = 15.0.27703.2026
MinimumVisualStudioVersion = 10.0.40219.1
Project("{9A19103F-16F7-4668-BE54-9A1E7A4F7556}") = "Tests", "Tests\Tests.csproj", "{79ABB33D-0618-46E5-A691-48B269791337}"
EndProject
Global
	GlobalSection(SolutionConfigurationPlatforms) = preSolution
		Debug|Any CPU = Debug|Any CPU
		Release|Any CPU = Release|Any CPU
	EndGlobalSection
	GlobalSection(ProjectConfigurationPlatforms) = postSolution
		{79ABB33D-0618-46E5-A691-48B269791337}.Debug|Any CPU.ActiveCfg = Debug|Any CPU
		{79ABB33D-0618-46E5-A691-48B269791337}.Debug|Any CPU.Build.0 = Debug|Any CPU
		{79ABB33D-0618-46E5-A691-48B269791337}.Release|Any CPU.ActiveCfg = Release|Any CPU
		{79ABB33D-0618-46E5-A691-48B269791337}.Release|Any CPU.Build.0 = Release|Any CPU
	EndGlobalSection
	GlobalSection(SolutionProperties) = preSolution
		HideSolutionNode = FALSE
	EndGlobalSection
	GlobalSection(ExtensibilityGlobals) = postSolution
		SolutionGuid = {9C64360F-141C-4CF1-89E1-6E92F85A33DE}
	EndGlobalSection
EndGlobal
